# THIS IS AN AUTOGENERATED FILE. DO NOT EDIT THIS FILE DIRECTLY.
# yarn lockfile v1


"ansi-escapes@^4.2.1":
  "integrity" "sha1-ayKR0dt9mLZSHV8e+kLQ86n+tl4="
  "resolved" "https://registry.nlark.com/ansi-escapes/download/ansi-escapes-4.3.2.tgz"
  "version" "4.3.2"
  dependencies:
    "type-fest" "^0.21.3"

"ansi-regex@^5.0.0":
  "integrity" "sha1-OIU59VF5vzkznIGvMKZU1p+Hy3U="
  "resolved" "https://registry.npm.taobao.org/ansi-regex/download/ansi-regex-5.0.0.tgz?cache=0&sync_timestamp=1618553044693&other_urls=https%3A%2F%2Fregistry.npm.taobao.org%2Fansi-regex%2Fdownload%2Fansi-regex-5.0.0.tgz"
  "version" "5.0.0"

"ansi-styles@^4.1.0":
  "integrity" "sha1-7dgDYornHATIWuegkG7a00tkiTc="
  "resolved" "https://registry.nlark.com/ansi-styles/download/ansi-styles-4.3.0.tgz?cache=0&sync_timestamp=1618995588464&other_urls=https%3A%2F%2Fregistry.nlark.com%2Fansi-styles%2Fdownload%2Fansi-styles-4.3.0.tgz"
  "version" "4.3.0"
  dependencies:
    "color-convert" "^2.0.1"

"asn1@~0.2.0":
  "integrity" "sha1-jSR136tVO7M+d7VOWeiAu4ziMTY="
  "resolved" "https://registry.npm.taobao.org/asn1/download/asn1-0.2.4.tgz"
  "version" "0.2.4"
  dependencies:
    "safer-buffer" "~2.1.0"

"base64-js@^1.3.1":
  "integrity" "sha1-GxtEAWClv3rUC2UPCVljSBkDkwo="
  "resolved" "https://registry.npm.taobao.org/base64-js/download/base64-js-1.5.1.tgz?cache=0&sync_timestamp=1605123700994&other_urls=https%3A%2F%2Fregistry.npm.taobao.org%2Fbase64-js%2Fdownload%2Fbase64-js-1.5.1.tgz"
  "version" "1.5.1"

"bcrypt-pbkdf@^1.0.2":
  "integrity" "sha1-pDAdOJtqQ/m2f/PKEaP2Y342Dp4="
  "resolved" "https://registry.npm.taobao.org/bcrypt-pbkdf/download/bcrypt-pbkdf-1.0.2.tgz"
  "version" "1.0.2"
  dependencies:
    "tweetnacl" "^0.14.3"

"bl@^4.1.0":
  "integrity" "sha1-RRU1JkGCvsL7vIOmKrmM8R2fezo="
  "resolved" "https://registry.nlark.com/bl/download/bl-4.1.0.tgz"
  "version" "4.1.0"
  dependencies:
    "buffer" "^5.5.0"
    "inherits" "^2.0.4"
    "readable-stream" "^3.4.0"

"buffer@^5.5.0":
  "integrity" "sha1-umLnwTEzBTWCGXFghRqPZI6Z7tA="
  "resolved" "https://registry.npm.taobao.org/buffer/download/buffer-5.7.1.tgz?cache=0&sync_timestamp=1606098073225&other_urls=https%3A%2F%2Fregistry.npm.taobao.org%2Fbuffer%2Fdownload%2Fbuffer-5.7.1.tgz"
  "version" "5.7.1"
  dependencies:
    "base64-js" "^1.3.1"
    "ieee754" "^1.1.13"

"chalk@^4.1.0", "chalk@^4.1.1":
  "integrity" "sha1-yAs/qyi/Y3HmhjMl7uZ+YYt35q0="
  "resolved" "https://registry.nlark.com/chalk/download/chalk-4.1.1.tgz"
  "version" "4.1.1"
  dependencies:
    "ansi-styles" "^4.1.0"
    "supports-color" "^7.1.0"

"chardet@^0.7.0":
  "integrity" "sha1-kAlISfCTfy7twkJdDSip5fDLrZ4="
  "resolved" "https://registry.npm.taobao.org/chardet/download/chardet-0.7.0.tgz?cache=0&sync_timestamp=1601032529880&other_urls=https%3A%2F%2Fregistry.npm.taobao.org%2Fchardet%2Fdownload%2Fchardet-0.7.0.tgz"
  "version" "0.7.0"

"cli-cursor@^3.1.0":
  "integrity" "sha1-JkMFp65JDR0Dvwybp8kl0XU68wc="
  "resolved" "https://registry.npm.taobao.org/cli-cursor/download/cli-cursor-3.1.0.tgz"
  "version" "3.1.0"
  dependencies:
    "restore-cursor" "^3.1.0"

"cli-spinners@^2.5.0":
  "integrity" "sha1-NsfcmPtqmna9YjjsP3fiQlYn6Tk="
  "resolved" "https://registry.npm.taobao.org/cli-spinners/download/cli-spinners-2.6.0.tgz?cache=0&sync_timestamp=1616091641633&other_urls=https%3A%2F%2Fregistry.npm.taobao.org%2Fcli-spinners%2Fdownload%2Fcli-spinners-2.6.0.tgz"
  "version" "2.6.0"

"cli-width@^3.0.0":
  "integrity" "sha1-ovSEN6LKqaIkNueUvwceyeYc7fY="
  "resolved" "https://registry.npm.taobao.org/cli-width/download/cli-width-3.0.0.tgz"
  "version" "3.0.0"

"clone@^1.0.2":
  "integrity" "sha1-2jCcwmPfFZlMaIypAheco8fNfH4="
  "resolved" "https://registry.npm.taobao.org/clone/download/clone-1.0.4.tgz"
  "version" "1.0.4"

"color-convert@^2.0.1":
  "integrity" "sha1-ctOmjVmMm9s68q0ehPIdiWq9TeM="
  "resolved" "https://registry.npm.taobao.org/color-convert/download/color-convert-2.0.1.tgz"
  "version" "2.0.1"
  dependencies:
    "color-name" "~1.1.4"

"color-name@~1.1.4":
  "integrity" "sha1-wqCah6y95pVD3m9j+jmVyCbFNqI="
  "resolved" "https://registry.npm.taobao.org/color-name/download/color-name-1.1.4.tgz"
  "version" "1.1.4"

"commander@^7.2.0":
  "integrity" "sha1-o2y1fQtQHOEI5NIFWaFQo5HZerc="
  "resolved" "https://registry.nlark.com/commander/download/commander-7.2.0.tgz?cache=0&sync_timestamp=1622954303803&other_urls=https%3A%2F%2Fregistry.nlark.com%2Fcommander%2Fdownload%2Fcommander-7.2.0.tgz"
  "version" "7.2.0"

"defaults@^1.0.3":
  "integrity" "sha1-xlYFHpgX2f8I7YgUd/P+QBnz730="
  "resolved" "https://registry.npm.taobao.org/defaults/download/defaults-1.0.3.tgz"
  "version" "1.0.3"
  dependencies:
    "clone" "^1.0.2"

"emoji-regex@^8.0.0":
  "integrity" "sha1-6Bj9ac5cz8tARZT4QpY79TFkzDc="
  "resolved" "https://registry.npm.taobao.org/emoji-regex/download/emoji-regex-8.0.0.tgz?cache=0&sync_timestamp=1614682798745&other_urls=https%3A%2F%2Fregistry.npm.taobao.org%2Femoji-regex%2Fdownload%2Femoji-regex-8.0.0.tgz"
  "version" "8.0.0"

"escape-string-regexp@^1.0.5":
  "integrity" "sha1-G2HAViGQqN/2rjuyzwIAyhMLhtQ="
  "resolved" "https://registry.nlark.com/escape-string-regexp/download/escape-string-regexp-1.0.5.tgz"
  "version" "1.0.5"

"external-editor@^3.0.3":
  "integrity" "sha1-ywP3QL764D6k0oPK7SdBqD8zVJU="
  "resolved" "https://registry.npm.taobao.org/external-editor/download/external-editor-3.1.0.tgz"
  "version" "3.1.0"
  dependencies:
    "chardet" "^0.7.0"
    "iconv-lite" "^0.4.24"
    "tmp" "^0.0.33"

"figures@^3.0.0":
  "integrity" "sha1-YlwYvSk8YE3EqN2y/r8MiDQXRq8="
  "resolved" "https://registry.npm.taobao.org/figures/download/figures-3.2.0.tgz"
  "version" "3.2.0"
  dependencies:
    "escape-string-regexp" "^1.0.5"

"has-flag@^4.0.0":
  "integrity" "sha1-lEdx/ZyByBJlxNaUGGDaBrtZR5s="
  "resolved" "https://registry.npm.taobao.org/has-flag/download/has-flag-4.0.0.tgz"
  "version" "4.0.0"

"iconv-lite@^0.4.24":
  "integrity" "sha1-ICK0sl+93CHS9SSXSkdKr+czkIs="
  "resolved" "https://registry.nlark.com/iconv-lite/download/iconv-lite-0.4.24.tgz?cache=0&sync_timestamp=1621826342262&other_urls=https%3A%2F%2Fregistry.nlark.com%2Ficonv-lite%2Fdownload%2Ficonv-lite-0.4.24.tgz"
  "version" "0.4.24"
  dependencies:
    "safer-buffer" ">= 2.1.2 < 3"

"ieee754@^1.1.13":
  "integrity" "sha1-jrehCmP/8l0VpXsAFYbRd9Gw01I="
  "resolved" "https://registry.npm.taobao.org/ieee754/download/ieee754-1.2.1.tgz?cache=0&sync_timestamp=1603838418666&other_urls=https%3A%2F%2Fregistry.npm.taobao.org%2Fieee754%2Fdownload%2Fieee754-1.2.1.tgz"
  "version" "1.2.1"

"inherits@^2.0.3", "inherits@^2.0.4":
  "integrity" "sha1-D6LGT5MpF8NDOg3tVTY6rjdBa3w="
  "resolved" "https://registry.npm.taobao.org/inherits/download/inherits-2.0.4.tgz"
  "version" "2.0.4"

"inquirer@^8.1.1":
  "integrity" "sha1-fFPZTG0DARx7sqlH8NyjuYJGwmo="
  "resolved" "https://registry.nlark.com/inquirer/download/inquirer-8.1.1.tgz"
  "version" "8.1.1"
  dependencies:
    "ansi-escapes" "^4.2.1"
    "chalk" "^4.1.1"
    "cli-cursor" "^3.1.0"
    "cli-width" "^3.0.0"
    "external-editor" "^3.0.3"
    "figures" "^3.0.0"
    "lodash" "^4.17.21"
    "mute-stream" "0.0.8"
    "ora" "^5.3.0"
    "run-async" "^2.4.0"
    "rxjs" "^6.6.6"
    "string-width" "^4.1.0"
    "strip-ansi" "^6.0.0"
    "through" "^2.3.6"

"is-fullwidth-code-point@^3.0.0":
  "integrity" "sha1-8Rb4Bk/pCz94RKOJl8C3UFEmnx0="
  "resolved" "https://registry.nlark.com/is-fullwidth-code-point/download/is-fullwidth-code-point-3.0.0.tgz"
  "version" "3.0.0"

"is-interactive@^1.0.0":
  "integrity" "sha1-zqbmrlyHCnsKAAQHC3tYfgJSkS4="
  "resolved" "https://registry.nlark.com/is-interactive/download/is-interactive-1.0.0.tgz"
  "version" "1.0.0"

"is-unicode-supported@^0.1.0":
  "integrity" "sha1-PybHaoCVk7Ur+i7LVxDtJ3m1Iqc="
  "resolved" "https://registry.npm.taobao.org/is-unicode-supported/download/is-unicode-supported-0.1.0.tgz"
  "version" "0.1.0"

"lodash@^4.17.21":
  "integrity" "sha1-Z5WRxWTDv/quhFTPCz3zcMPWkRw="
  "resolved" "https://registry.npm.taobao.org/lodash/download/lodash-4.17.21.tgz"
  "version" "4.17.21"

"log-symbols@^4.1.0":
  "integrity" "sha1-P727lbRoOsn8eFER55LlWNSr1QM="
  "resolved" "https://registry.nlark.com/log-symbols/download/log-symbols-4.1.0.tgz"
  "version" "4.1.0"
  dependencies:
    "chalk" "^4.1.0"
    "is-unicode-supported" "^0.1.0"

"make-dir@^3.1.0":
  "integrity" "sha1-QV6WcEazp/HRhSd9hKpYIDcmoT8="
  "resolved" "https://registry.npm.taobao.org/make-dir/download/make-dir-3.1.0.tgz"
  "version" "3.1.0"
  dependencies:
    "semver" "^6.0.0"

"mimic-fn@^2.1.0":
  "integrity" "sha1-ftLCzMyvhNP/y3pptXcR/CCDQBs="
  "resolved" "https://registry.nlark.com/mimic-fn/download/mimic-fn-2.1.0.tgz"
  "version" "2.1.0"

"mute-stream@0.0.8":
  "integrity" "sha1-FjDEKyJR/4HiooPelqVJfqkuXg0="
  "resolved" "https://registry.npm.taobao.org/mute-stream/download/mute-stream-0.0.8.tgz"
  "version" "0.0.8"

"node-ssh@^11.1.1":
  "integrity" "sha1-t+0KgpY9NMbowAdyP4P2Ju9bGeA="
  "resolved" "https://registry.npm.taobao.org/node-ssh/download/node-ssh-11.1.1.tgz"
  "version" "11.1.1"
  dependencies:
    "make-dir" "^3.1.0"
    "sb-promise-queue" "^2.1.0"
    "sb-scandir" "^3.1.0"
    "shell-escape" "^0.2.0"
    "ssh2" "^0.8.9"

"onetime@^5.1.0":
  "integrity" "sha1-0Oluu1awdHbfHdnEgG5SN5hcpF4="
  "resolved" "https://registry.nlark.com/onetime/download/onetime-5.1.2.tgz"
  "version" "5.1.2"
  dependencies:
    "mimic-fn" "^2.1.0"

"ora@^5.3.0", "ora@^5.4.1":
  "integrity" "sha1-GyZ4Qmr0rEpQkAjl5KyemVnbnhg="
  "resolved" "https://registry.nlark.com/ora/download/ora-5.4.1.tgz"
  "version" "5.4.1"
  dependencies:
    "bl" "^4.1.0"
    "chalk" "^4.1.0"
    "cli-cursor" "^3.1.0"
    "cli-spinners" "^2.5.0"
    "is-interactive" "^1.0.0"
    "is-unicode-supported" "^0.1.0"
    "log-symbols" "^4.1.0"
    "strip-ansi" "^6.0.0"
    "wcwidth" "^1.0.1"

"os-tmpdir@~1.0.2":
  "integrity" "sha1-u+Z0BseaqFxc/sdm/lc0VV36EnQ="
  "resolved" "https://registry.npm.taobao.org/os-tmpdir/download/os-tmpdir-1.0.2.tgz"
  "version" "1.0.2"

"readable-stream@^3.4.0":
  "integrity" "sha1-M3u9o63AcGvT4CRCaihtS0sskZg="
  "resolved" "https://registry.npm.taobao.org/readable-stream/download/readable-stream-3.6.0.tgz"
  "version" "3.6.0"
  dependencies:
    "inherits" "^2.0.3"
    "string_decoder" "^1.1.1"
    "util-deprecate" "^1.0.1"

"restore-cursor@^3.1.0":
  "integrity" "sha1-OfZ8VLOnpYzqUjbZXPADQjljH34="
  "resolved" "https://registry.npm.taobao.org/restore-cursor/download/restore-cursor-3.1.0.tgz"
  "version" "3.1.0"
  dependencies:
    "onetime" "^5.1.0"
    "signal-exit" "^3.0.2"

"run-async@^2.4.0":
  "integrity" "sha1-hEDsz5nqPnC9QJ1JqriOEMGJpFU="
  "resolved" "https://registry.npm.taobao.org/run-async/download/run-async-2.4.1.tgz"
  "version" "2.4.1"

"rxjs@^6.6.6":
  "integrity" "sha1-kKwBisq/SRv2UEQjXVhjxNq4BMk="
  "resolved" "https://registry.nlark.com/rxjs/download/rxjs-6.6.7.tgz?cache=0&sync_timestamp=1621619391474&other_urls=https%3A%2F%2Fregistry.nlark.com%2Frxjs%2Fdownload%2Frxjs-6.6.7.tgz"
  "version" "6.6.7"
  dependencies:
    "tslib" "^1.9.0"

"safe-buffer@~5.2.0":
  "integrity" "sha1-Hq+fqb2x/dTsdfWPnNtOa3gn7sY="
  "resolved" "https://registry.npm.taobao.org/safe-buffer/download/safe-buffer-5.2.1.tgz"
  "version" "5.2.1"

"safer-buffer@>= 2.1.2 < 3", "safer-buffer@~2.1.0":
  "integrity" "sha1-RPoWGwGHuVSd2Eu5GAL5vYOFzWo="
  "resolved" "https://registry.npm.taobao.org/safer-buffer/download/safer-buffer-2.1.2.tgz"
  "version" "2.1.2"

"sb-promise-queue@^2.1.0":
  "integrity" "sha1-fkS+vvZD912Amj239gW4Fdh3oE0="
  "resolved" "https://registry.npm.taobao.org/sb-promise-queue/download/sb-promise-queue-2.1.0.tgz"
  "version" "2.1.0"

"sb-scandir@^3.1.0":
  "integrity" "sha1-McNGq7UYS3PFolsoaFj0KZqodWw="
  "resolved" "https://registry.npm.taobao.org/sb-scandir/download/sb-scandir-3.1.0.tgz"
  "version" "3.1.0"
  dependencies:
    "sb-promise-queue" "^2.1.0"

"semver@^6.0.0":
  "integrity" "sha1-7gpkyK9ejO6mdoexM3YeG+y9HT0="
  "resolved" "https://registry.nlark.com/semver/download/semver-6.3.0.tgz?cache=0&sync_timestamp=1618846864940&other_urls=https%3A%2F%2Fregistry.nlark.com%2Fsemver%2Fdownload%2Fsemver-6.3.0.tgz"
  "version" "6.3.0"

"shell-escape@^0.2.0":
  "integrity" "sha1-aP0CXrBJC09WegJ/C/IkgLX4QTM="
  "resolved" "https://registry.npm.taobao.org/shell-escape/download/shell-escape-0.2.0.tgz"
  "version" "0.2.0"

"shell.js@^3.2.4":
  "integrity" "sha1-QlCNZMfOuVSs+51/4hnTBotUXrA="
  "resolved" "https://registry.nlark.com/shell.js/download/shell.js-3.2.4.tgz"
  "version" "3.2.4"

"signal-exit@^3.0.2":
  "integrity" "sha1-oUEMLt2PB3sItOJTyOrPyvBXRhw="
  "resolved" "https://registry.npm.taobao.org/signal-exit/download/signal-exit-3.0.3.tgz?cache=0&sync_timestamp=1592843131591&other_urls=https%3A%2F%2Fregistry.npm.taobao.org%2Fsignal-exit%2Fdownload%2Fsignal-exit-3.0.3.tgz"
  "version" "3.0.3"

"ssh2-streams@~0.4.10":
  "integrity" "sha1-SO9+ig452PKSHDBSHVbayzHSOjQ="
  "resolved" "https://registry.npm.taobao.org/ssh2-streams/download/ssh2-streams-0.4.10.tgz"
  "version" "0.4.10"
  dependencies:
    "asn1" "~0.2.0"
    "bcrypt-pbkdf" "^1.0.2"
    "streamsearch" "~0.1.2"

"ssh2@^0.8.9":
  "integrity" "sha1-VNo6bEuj2vDYR3pTikgTJgkYFfM="
  "resolved" "https://registry.nlark.com/ssh2/download/ssh2-0.8.9.tgz"
  "version" "0.8.9"
  dependencies:
    "ssh2-streams" "~0.4.10"

"streamsearch@~0.1.2":
  "integrity" "sha1-gIudDlb8Jz2Am6VzOOkpkZoanxo="
  "resolved" "https://registry.npm.taobao.org/streamsearch/download/streamsearch-0.1.2.tgz"
  "version" "0.1.2"

"string_decoder@^1.1.1":
  "integrity" "sha1-QvEUWUpGzxqOMLCoT1bHjD7awh4="
  "resolved" "https://registry.npm.taobao.org/string_decoder/download/string_decoder-1.3.0.tgz"
  "version" "1.3.0"
  dependencies:
    "safe-buffer" "~5.2.0"

"string-width@^4.1.0":
  "integrity" "sha1-2v1PlVmnWFz7pSnGoKT3NIjr1MU="
  "resolved" "https://registry.nlark.com/string-width/download/string-width-4.2.2.tgz"
  "version" "4.2.2"
  dependencies:
    "emoji-regex" "^8.0.0"
    "is-fullwidth-code-point" "^3.0.0"
    "strip-ansi" "^6.0.0"

"strip-ansi@^6.0.0":
  "integrity" "sha1-CxVx3XZpzNTz4G4U7x7tJiJa5TI="
  "resolved" "https://registry.nlark.com/strip-ansi/download/strip-ansi-6.0.0.tgz?cache=0&other_urls=https%3A%2F%2Fregistry.nlark.com%2Fstrip-ansi%2Fdownload%2Fstrip-ansi-6.0.0.tgz"
  "version" "6.0.0"
  dependencies:
    "ansi-regex" "^5.0.0"

"supports-color@^7.1.0":
  "integrity" "sha1-G33NyzK4E4gBs+R4umpRyqiWSNo="
  "resolved" "https://registry.nlark.com/supports-color/download/supports-color-7.2.0.tgz?cache=0&sync_timestamp=1622293579301&other_urls=https%3A%2F%2Fregistry.nlark.com%2Fsupports-color%2Fdownload%2Fsupports-color-7.2.0.tgz"
  "version" "7.2.0"
  dependencies:
    "has-flag" "^4.0.0"

"through@^2.3.6":
  "integrity" "sha1-DdTJ/6q8NXlgsbckEV1+Doai4fU="
  "resolved" "https://registry.npm.taobao.org/through/download/through-2.3.8.tgz"
  "version" "2.3.8"

"tmp@^0.0.33":
  "integrity" "sha1-bTQzWIl2jSGyvNoKonfO07G/rfk="
  "resolved" "https://registry.npm.taobao.org/tmp/download/tmp-0.0.33.tgz?cache=0&sync_timestamp=1592843137359&other_urls=https%3A%2F%2Fregistry.npm.taobao.org%2Ftmp%2Fdownload%2Ftmp-0.0.33.tgz"
  "version" "0.0.33"
  dependencies:
    "os-tmpdir" "~1.0.2"

"tslib@^1.9.0":
  "integrity" "sha1-zy04vcNKE0vK8QkcQfZhni9nLQA="
  "resolved" "https://registry.nlark.com/tslib/download/tslib-1.14.1.tgz?cache=0&other_urls=https%3A%2F%2Fregistry.nlark.com%2Ftslib%2Fdownload%2Ftslib-1.14.1.tgz"
  "version" "1.14.1"

"tweetnacl@^0.14.3":
  "integrity" "sha1-WuaBd/GS1EViadEIr6k/+HQ/T2Q="
  "resolved" "https://registry.npm.taobao.org/tweetnacl/download/tweetnacl-0.14.5.tgz"
  "version" "0.14.5"

"type-fest@^0.21.3":
  "integrity" "sha1-0mCiSwGYQ24TP6JqUkptZfo7Ljc="
  "resolved" "https://registry.nlark.com/type-fest/download/type-fest-0.21.3.tgz?cache=0&sync_timestamp=1623872995368&other_urls=https%3A%2F%2Fregistry.nlark.com%2Ftype-fest%2Fdownload%2Ftype-fest-0.21.3.tgz"
  "version" "0.21.3"

"util-deprecate@^1.0.1":
  "integrity" "sha1-RQ1Nyfpw3nMnYvvS1KKJgUGaDM8="
  "resolved" "https://registry.npm.taobao.org/util-deprecate/download/util-deprecate-1.0.2.tgz"
  "version" "1.0.2"

"wcwidth@^1.0.1":
  "integrity" "sha1-8LDc+RW8X/FSivrbLA4XtTLaL+g="
  "resolved" "https://registry.npm.taobao.org/wcwidth/download/wcwidth-1.0.1.tgz"
  "version" "1.0.1"
  dependencies:
    "defaults" "^1.0.3"
